
Microsoft Visual Studio Solution File, Format Version 12.00
# Visual Studio Version 17
VisualStudioVersion = 17.14.36429.23
MinimumVisualStudioVersion = 10.0.40219.1
Project("{FAE04EC0-301F-11D3-BF4B-00C04F79EFBC}") = "ConsoleServer", "Console\ConsoleServer.csproj", "{2F8CD04B-DF82-4D31-89C1-1879A1238DF9}"
EndProject
Project("{FAE04EC0-301F-11D3-BF4B-00C04F79EFBC}") = "ServicesTheWeakestRival", "ServicesTheWeakestRival\ServicesTheWeakestRival.csproj", "{08BDF348-E12C-4376-88E7-A71C168A1C0F}"
EndProject
Project("{FAE04EC0-301F-11D3-BF4B-00C04F79EFBC}") = "TheWeakestRival.Data", "TheWeakestRival.Data\TheWeakestRival.Data.csproj", "{92DFA290-C8E5-4D4A-8E9A-786797B476D5}"
EndProject
Project("{FAE04EC0-301F-11D3-BF4B-00C04F79EFBC}") = "ServicesTheWeakestRival.Contracts", "ServicesTheWeakestRival.Contracts\ServicesTheWeakestRival.Contracts.csproj", "{8385B87F-B6C2-4F71-9DE5-37E4FD82C40D}"
EndProject
Global
	GlobalSection(SolutionConfigurationPlatforms) = preSolution
		Debug|Any CPU = Debug|Any CPU
		Release|Any CPU = Release|Any CPU
	EndGlobalSection
	GlobalSection(ProjectConfigurationPlatforms) = postSolution
		{2F8CD04B-DF82-4D31-89C1-1879A1238DF9}.Debug|Any CPU.ActiveCfg = Debug|Any CPU
		{2F8CD04B-DF82-4D31-89C1-1879A1238DF9}.Debug|Any CPU.Build.0 = Debug|Any CPU
		{2F8CD04B-DF82-4D31-89C1-1879A1238DF9}.Release|Any CPU.ActiveCfg = Release|Any CPU
		{2F8CD04B-DF82-4D31-89C1-1879A1238DF9}.Release|Any CPU.Build.0 = Release|Any CPU
		{08BDF348-E12C-4376-88E7-A71C168A1C0F}.Debug|Any CPU.ActiveCfg = Debug|Any CPU
		{08BDF348-E12C-4376-88E7-A71C168A1C0F}.Debug|Any CPU.Build.0 = Debug|Any CPU
		{08BDF348-E12C-4376-88E7-A71C168A1C0F}.Release|Any CPU.ActiveCfg = Release|Any CPU
		{08BDF348-E12C-4376-88E7-A71C168A1C0F}.Release|Any CPU.Build.0 = Release|Any CPU
		{92DFA290-C8E5-4D4A-8E9A-786797B476D5}.Debug|Any CPU.ActiveCfg = Debug|Any CPU
		{92DFA290-C8E5-4D4A-8E9A-786797B476D5}.Debug|Any CPU.Build.0 = Debug|Any CPU
		{92DFA290-C8E5-4D4A-8E9A-786797B476D5}.Release|Any CPU.ActiveCfg = Release|Any CPU
		{92DFA290-C8E5-4D4A-8E9A-786797B476D5}.Release|Any CPU.Build.0 = Release|Any CPU
		{8385B87F-B6C2-4F71-9DE5-37E4FD82C40D}.Debug|Any CPU.ActiveCfg = Debug|Any CPU
		{8385B87F-B6C2-4F71-9DE5-37E4FD82C40D}.Debug|Any CPU.Build.0 = Debug|Any CPU
		{8385B87F-B6C2-4F71-9DE5-37E4FD82C40D}.Release|Any CPU.ActiveCfg = Release|Any CPU
		{8385B87F-B6C2-4F71-9DE5-37E4FD82C40D}.Release|Any CPU.Build.0 = Release|Any CPU
	EndGlobalSection
	GlobalSection(SolutionProperties) = preSolution
		HideSolutionNode = FALSE
	EndGlobalSection
	GlobalSection(ExtensibilityGlobals) = postSolution
		SolutionGuid = {5C40C638-6FA8-4AF9-AAB0-2D025E109E9B}
	EndGlobalSection
EndGlobal
